
Microsoft Visual Studio Solution File, Format Version 12.00
# Visual Studio Version 17
VisualStudioVersion = 17.1.32210.238
MinimumVisualStudioVersion = 10.0.40219.1
Project("{9A19103F-16F7-4668-BE54-9A1E7A4F7556}") = "exercicio02", "exercicio02\exercicio02.csproj", "{FD2D4363-F39B-4D30-9EDC-611EF713808E}"
EndProject
Project("{9A19103F-16F7-4668-BE54-9A1E7A4F7556}") = "exercicio03", "exercicio03\exercicio03.csproj", "{8AEF457B-A798-44D0-8B59-0510265B58BB}"
EndProject
Project("{9A19103F-16F7-4668-BE54-9A1E7A4F7556}") = "exercicio04", "exercicio04\exercicio04.csproj", "{ACDBBCA0-CF7C-4DA5-BF51-C837D119B817}"
EndProject
Project("{9A19103F-16F7-4668-BE54-9A1E7A4F7556}") = "exercicio05", "exercicio05\exercicio05.csproj", "{68BB9E94-45EF-4472-982B-D7A999E8B4FE}"
EndProject
Project("{9A19103F-16F7-4668-BE54-9A1E7A4F7556}") = "exercicio06", "exercicio06\exercicio06.csproj", "{F8D918C4-354D-4F0E-875A-2C085DBC18B8}"
EndProject
Project("{9A19103F-16F7-4668-BE54-9A1E7A4F7556}") = "exercicio07", "exercicio07\exercicio07.csproj", "{F992DB95-7441-408D-8122-154CA34541B8}"
EndProject
Project("{9A19103F-16F7-4668-BE54-9A1E7A4F7556}") = "exercicio08", "exercicio08\exercicio08.csproj", "{CFB700B6-8012-4CDC-A7DC-8636E1D59F65}"
EndProject
Project("{9A19103F-16F7-4668-BE54-9A1E7A4F7556}") = "exercicio09", "exercicio09\exercicio09.csproj", "{5958200E-E6BE-46AB-A4DC-FDF2DA7CBC25}"
EndProject
Project("{FAE04EC0-301F-11D3-BF4B-00C04F79EFBC}") = "exercicio10", "exercicio10\exercicio10.csproj", "{EEE570F3-468F-49BE-BAF8-EA77072EB641}"
EndProject
Global
	GlobalSection(SolutionConfigurationPlatforms) = preSolution
		Debug|Any CPU = Debug|Any CPU
		Release|Any CPU = Release|Any CPU
	EndGlobalSection
	GlobalSection(ProjectConfigurationPlatforms) = postSolution
		{FD2D4363-F39B-4D30-9EDC-611EF713808E}.Debug|Any CPU.ActiveCfg = Debug|Any CPU
		{FD2D4363-F39B-4D30-9EDC-611EF713808E}.Debug|Any CPU.Build.0 = Debug|Any CPU
		{FD2D4363-F39B-4D30-9EDC-611EF713808E}.Release|Any CPU.ActiveCfg = Release|Any CPU
		{FD2D4363-F39B-4D30-9EDC-611EF713808E}.Release|Any CPU.Build.0 = Release|Any CPU
		{8AEF457B-A798-44D0-8B59-0510265B58BB}.Debug|Any CPU.ActiveCfg = Debug|Any CPU
		{8AEF457B-A798-44D0-8B59-0510265B58BB}.Debug|Any CPU.Build.0 = Debug|Any CPU
		{8AEF457B-A798-44D0-8B59-0510265B58BB}.Release|Any CPU.ActiveCfg = Release|Any CPU
		{8AEF457B-A798-44D0-8B59-0510265B58BB}.Release|Any CPU.Build.0 = Release|Any CPU
		{ACDBBCA0-CF7C-4DA5-BF51-C837D119B817}.Debug|Any CPU.ActiveCfg = Debug|Any CPU
		{ACDBBCA0-CF7C-4DA5-BF51-C837D119B817}.Debug|Any CPU.Build.0 = Debug|Any CPU
		{ACDBBCA0-CF7C-4DA5-BF51-C837D119B817}.Release|Any CPU.ActiveCfg = Release|Any CPU
		{ACDBBCA0-CF7C-4DA5-BF51-C837D119B817}.Release|Any CPU.Build.0 = Release|Any CPU
		{68BB9E94-45EF-4472-982B-D7A999E8B4FE}.Debug|Any CPU.ActiveCfg = Debug|Any CPU
		{68BB9E94-45EF-4472-982B-D7A999E8B4FE}.Debug|Any CPU.Build.0 = Debug|Any CPU
		{68BB9E94-45EF-4472-982B-D7A999E8B4FE}.Release|Any CPU.ActiveCfg = Release|Any CPU
		{68BB9E94-45EF-4472-982B-D7A999E8B4FE}.Release|Any CPU.Build.0 = Release|Any CPU
		{F8D918C4-354D-4F0E-875A-2C085DBC18B8}.Debug|Any CPU.ActiveCfg = Debug|Any CPU
		{F8D918C4-354D-4F0E-875A-2C085DBC18B8}.Debug|Any CPU.Build.0 = Debug|Any CPU
		{F8D918C4-354D-4F0E-875A-2C085DBC18B8}.Release|Any CPU.ActiveCfg = Release|Any CPU
		{F8D918C4-354D-4F0E-875A-2C085DBC18B8}.Release|Any CPU.Build.0 = Release|Any CPU
		{F992DB95-7441-408D-8122-154CA34541B8}.Debug|Any CPU.ActiveCfg = Debug|Any CPU
		{F992DB95-7441-408D-8122-154CA34541B8}.Debug|Any CPU.Build.0 = Debug|Any CPU
		{F992DB95-7441-408D-8122-154CA34541B8}.Release|Any CPU.ActiveCfg = Release|Any CPU
		{F992DB95-7441-408D-8122-154CA34541B8}.Release|Any CPU.Build.0 = Release|Any CPU
		{CFB700B6-8012-4CDC-A7DC-8636E1D59F65}.Debug|Any CPU.ActiveCfg = Debug|Any CPU
		{CFB700B6-8012-4CDC-A7DC-8636E1D59F65}.Debug|Any CPU.Build.0 = Debug|Any CPU
		{CFB700B6-8012-4CDC-A7DC-8636E1D59F65}.Release|Any CPU.ActiveCfg = Release|Any CPU
		{CFB700B6-8012-4CDC-A7DC-8636E1D59F65}.Release|Any CPU.Build.0 = Release|Any CPU
		{5958200E-E6BE-46AB-A4DC-FDF2DA7CBC25}.Debug|Any CPU.ActiveCfg = Debug|Any CPU
		{5958200E-E6BE-46AB-A4DC-FDF2DA7CBC25}.Debug|Any CPU.Build.0 = Debug|Any CPU
		{5958200E-E6BE-46AB-A4DC-FDF2DA7CBC25}.Release|Any CPU.ActiveCfg = Release|Any CPU
		{5958200E-E6BE-46AB-A4DC-FDF2DA7CBC25}.Release|Any CPU.Build.0 = Release|Any CPU
		{EEE570F3-468F-49BE-BAF8-EA77072EB641}.Debug|Any CPU.ActiveCfg = Debug|Any CPU
		{EEE570F3-468F-49BE-BAF8-EA77072EB641}.Debug|Any CPU.Build.0 = Debug|Any CPU
		{EEE570F3-468F-49BE-BAF8-EA77072EB641}.Release|Any CPU.ActiveCfg = Release|Any CPU
		{EEE570F3-468F-49BE-BAF8-EA77072EB641}.Release|Any CPU.Build.0 = Release|Any CPU
	EndGlobalSection
	GlobalSection(SolutionProperties) = preSolution
		HideSolutionNode = FALSE
	EndGlobalSection
	GlobalSection(ExtensibilityGlobals) = postSolution
		SolutionGuid = {3E5218EA-D194-419E-B0D5-9032F9D82D97}
	EndGlobalSection
EndGlobal
